
Microsoft Visual Studio Solution File, Format Version 12.00
# Visual Studio Version 16
VisualStudioVersion = 16.0.29326.143
MinimumVisualStudioVersion = 10.0.40219.1
Project("{9A19103F-16F7-4668-BE54-9A1E7A4F7556}") = "DeliveryServiceApp", "DeliveryServiceApp\DeliveryServiceApp.csproj", "{F35F6AAA-188A-417C-A099-B88BBF3364B6}"
EndProject
Project("{9A19103F-16F7-4668-BE54-9A1E7A4F7556}") = "DeliveryServiceApp.Tests", "DeliveryServiceApp.Tests\DeliveryServiceApp.Tests.csproj", "{CDAAE0AB-21AE-48BF-8AB6-24A84686A241}"
EndProject
Project("{2150E333-8FDC-42A3-9474-1A3956D46DE8}") = "Solution Items", "Solution Items", "{CA49F600-3DA4-40FD-826D-CA9975A09F2E}"
	ProjectSection(SolutionItems) = preProject
		README_DeliveryServiceApp_NunoPinheiro.md = README_DeliveryServiceApp_NunoPinheiro.md
	EndProjectSection
EndProject
Global
	GlobalSection(SolutionConfigurationPlatforms) = preSolution
		Debug|Any CPU = Debug|Any CPU
		Release|Any CPU = Release|Any CPU
	EndGlobalSection
	GlobalSection(ProjectConfigurationPlatforms) = postSolution
		{F35F6AAA-188A-417C-A099-B88BBF3364B6}.Debug|Any CPU.ActiveCfg = Debug|Any CPU
		{F35F6AAA-188A-417C-A099-B88BBF3364B6}.Debug|Any CPU.Build.0 = Debug|Any CPU
		{F35F6AAA-188A-417C-A099-B88BBF3364B6}.Release|Any CPU.ActiveCfg = Release|Any CPU
		{F35F6AAA-188A-417C-A099-B88BBF3364B6}.Release|Any CPU.Build.0 = Release|Any CPU
		{CDAAE0AB-21AE-48BF-8AB6-24A84686A241}.Debug|Any CPU.ActiveCfg = Debug|Any CPU
		{CDAAE0AB-21AE-48BF-8AB6-24A84686A241}.Debug|Any CPU.Build.0 = Debug|Any CPU
		{CDAAE0AB-21AE-48BF-8AB6-24A84686A241}.Release|Any CPU.ActiveCfg = Release|Any CPU
		{CDAAE0AB-21AE-48BF-8AB6-24A84686A241}.Release|Any CPU.Build.0 = Release|Any CPU
	EndGlobalSection
	GlobalSection(SolutionProperties) = preSolution
		HideSolutionNode = FALSE
	EndGlobalSection
	GlobalSection(ExtensibilityGlobals) = postSolution
		SolutionGuid = {203EB07C-E18B-4544-AAB8-3D3B3D7B6659}
	EndGlobalSection
EndGlobal
